
Microsoft Visual Studio Solution File, Format Version 12.00
# Visual Studio Version 17
VisualStudioVersion = 17.10.35004.147
MinimumVisualStudioVersion = 10.0.40219.1
Project("{FAE04EC0-301F-11D3-BF4B-00C04F79EFBC}") = "BlogApp", "BlogApp\BlogApp.csproj", "{39230D22-0A6B-4199-BE34-20E225A4C1EC}"
EndProject
Global
	GlobalSection(SolutionConfigurationPlatforms) = preSolution
		Debug|Any CPU = Debug|Any CPU
		Release|Any CPU = Release|Any CPU
	EndGlobalSection
	GlobalSection(ProjectConfigurationPlatforms) = postSolution
		{39230D22-0A6B-4199-BE34-20E225A4C1EC}.Debug|Any CPU.ActiveCfg = Debug|Any CPU
		{39230D22-0A6B-4199-BE34-20E225A4C1EC}.Debug|Any CPU.Build.0 = Debug|Any CPU
		{39230D22-0A6B-4199-BE34-20E225A4C1EC}.Release|Any CPU.ActiveCfg = Release|Any CPU
		{39230D22-0A6B-4199-BE34-20E225A4C1EC}.Release|Any CPU.Build.0 = Release|Any CPU
	EndGlobalSection
	GlobalSection(SolutionProperties) = preSolution
		HideSolutionNode = FALSE
	EndGlobalSection
	GlobalSection(ExtensibilityGlobals) = postSolution
		SolutionGuid = {804E1AFB-5896-41D7-90CE-33AC5F4E3BBE}
	EndGlobalSection
EndGlobal
